// !$*UTF8*$!
{
	archiveVersion = 1;
	classes = {
	};
	objectVersion = 50;
	objects = {

/* Begin PBXBuildFile section */
		3C79B4DD2332FE6F00533A33 /* AppDelegate.swift in Sources */ = {isa = PBXBuildFile; fileRef = 3C79B4DC2332FE6F00533A33 /* AppDelegate.swift */; };
		3C79B4DF2332FE6F00533A33 /* SceneDelegate.swift in Sources */ = {isa = PBXBuildFile; fileRef = 3C79B4DE2332FE6F00533A33 /* SceneDelegate.swift */; };
		3C79B4E62332FE7000533A33 /* Assets.xcassets in Resources */ = {isa = PBXBuildFile; fileRef = 3C79B4E52332FE7000533A33 /* Assets.xcassets */; };
		3C79B4E92332FE7000533A33 /* LaunchScreen.storyboard in Resources */ = {isa = PBXBuildFile; fileRef = 3C79B4E72332FE7000533A33 /* LaunchScreen.storyboard */; };
		3C7E660223330B300057C222 /* ReposKit.h in Headers */ = {isa = PBXBuildFile; fileRef = 3C7E660023330B300057C222 /* ReposKit.h */; settings = {ATTRIBUTES = (Public, ); }; };
		3C7E660523330B300057C222 /* ReposKit.framework in Frameworks */ = {isa = PBXBuildFile; fileRef = 3C7E65FE23330B300057C222 /* ReposKit.framework */; };
		3C7E660623330B300057C222 /* ReposKit.framework in Embed Frameworks */ = {isa = PBXBuildFile; fileRef = 3C7E65FE23330B300057C222 /* ReposKit.framework */; settings = {ATTRIBUTES = (CodeSignOnCopy, RemoveHeadersOnCopy, ); }; };
		3C7E660B23330B550057C222 /* ReposViewController.swift in Sources */ = {isa = PBXBuildFile; fileRef = 3C79B4E02332FE6F00533A33 /* ReposViewController.swift */; };
/* End PBXBuildFile section */

/* Begin PBXContainerItemProxy section */
		3C7E660323330B300057C222 /* PBXContainerItemProxy */ = {
			isa = PBXContainerItemProxy;
			containerPortal = 3C79B4D12332FE6F00533A33 /* Project object */;
			proxyType = 1;
			remoteGlobalIDString = 3C7E65FD23330B300057C222;
			remoteInfo = ReposKit;
		};
/* End PBXContainerItemProxy section */

/* Begin PBXCopyFilesBuildPhase section */
		3C7E660723330B300057C222 /* Embed Frameworks */ = {
			isa = PBXCopyFilesBuildPhase;
			buildActionMask = 2147483647;
			dstPath = "";
			dstSubfolderSpec = 10;
			files = (
				3C7E660623330B300057C222 /* ReposKit.framework in Embed Frameworks */,
			);
			name = "Embed Frameworks";
			runOnlyForDeploymentPostprocessing = 0;
		};
/* End PBXCopyFilesBuildPhase section */

/* Begin PBXFileReference section */
		3C79B4D92332FE6F00533A33 /* Repos.app */ = {isa = PBXFileReference; explicitFileType = wrapper.application; includeInIndex = 0; path = Repos.app; sourceTree = BUILT_PRODUCTS_DIR; };
		3C79B4DC2332FE6F00533A33 /* AppDelegate.swift */ = {isa = PBXFileReference; lastKnownFileType = sourcecode.swift; path = AppDelegate.swift; sourceTree = "<group>"; };
		3C79B4DE2332FE6F00533A33 /* SceneDelegate.swift */ = {isa = PBXFileReference; lastKnownFileType = sourcecode.swift; path = SceneDelegate.swift; sourceTree = "<group>"; };
		3C79B4E02332FE6F00533A33 /* ReposViewController.swift */ = {isa = PBXFileReference; lastKnownFileType = sourcecode.swift; path = ReposViewController.swift; sourceTree = "<group>"; };
		3C79B4E52332FE7000533A33 /* Assets.xcassets */ = {isa = PBXFileReference; lastKnownFileType = folder.assetcatalog; path = Assets.xcassets; sourceTree = "<group>"; };
		3C79B4E82332FE7000533A33 /* Base */ = {isa = PBXFileReference; lastKnownFileType = file.storyboard; name = Base; path = Base.lproj/LaunchScreen.storyboard; sourceTree = "<group>"; };
		3C79B4EA2332FE7000533A33 /* Info.plist */ = {isa = PBXFileReference; lastKnownFileType = text.plist.xml; path = Info.plist; sourceTree = "<group>"; };
		3C7E65FE23330B300057C222 /* ReposKit.framework */ = {isa = PBXFileReference; explicitFileType = wrapper.framework; includeInIndex = 0; path = ReposKit.framework; sourceTree = BUILT_PRODUCTS_DIR; };
		3C7E660023330B300057C222 /* ReposKit.h */ = {isa = PBXFileReference; lastKnownFileType = sourcecode.c.h; path = ReposKit.h; sourceTree = "<group>"; };
		3C7E660123330B300057C222 /* Info.plist */ = {isa = PBXFileReference; lastKnownFileType = text.plist.xml; path = Info.plist; sourceTree = "<group>"; };
/* End PBXFileReference section */

/* Begin PBXFrameworksBuildPhase section */
		3C79B4D62332FE6F00533A33 /* Frameworks */ = {
			isa = PBXFrameworksBuildPhase;
			buildActionMask = 2147483647;
			files = (
				3C7E660523330B300057C222 /* ReposKit.framework in Frameworks */,
			);
			runOnlyForDeploymentPostprocessing = 0;
		};
		3C7E65FB23330B300057C222 /* Frameworks */ = {
			isa = PBXFrameworksBuildPhase;
			buildActionMask = 2147483647;
			files = (
			);
			runOnlyForDeploymentPostprocessing = 0;
		};
/* End PBXFrameworksBuildPhase section */

/* Begin PBXGroup section */
		3C79B4D02332FE6F00533A33 = {
			isa = PBXGroup;
			children = (
				3C79B4DB2332FE6F00533A33 /* Repos */,
				3C7E65FF23330B300057C222 /* ReposKit */,
				3C79B4DA2332FE6F00533A33 /* Products */,
			);
			sourceTree = "<group>";
		};
		3C79B4DA2332FE6F00533A33 /* Products */ = {
			isa = PBXGroup;
			children = (
				3C79B4D92332FE6F00533A33 /* Repos.app */,
				3C7E65FE23330B300057C222 /* ReposKit.framework */,
			);
			name = Products;
			sourceTree = "<group>";
		};
		3C79B4DB2332FE6F00533A33 /* Repos */ = {
			isa = PBXGroup;
			children = (
				3C79B4DC2332FE6F00533A33 /* AppDelegate.swift */,
				3C79B4DE2332FE6F00533A33 /* SceneDelegate.swift */,
				3C79B4E52332FE7000533A33 /* Assets.xcassets */,
				3C79B4E72332FE7000533A33 /* LaunchScreen.storyboard */,
				3C79B4EA2332FE7000533A33 /* Info.plist */,
			);
			path = Repos;
			sourceTree = "<group>";
		};
		3C7E65FF23330B300057C222 /* ReposKit */ = {
			isa = PBXGroup;
			children = (
				3C79B4E02332FE6F00533A33 /* ReposViewController.swift */,
				3C7E660023330B300057C222 /* ReposKit.h */,
				3C7E660123330B300057C222 /* Info.plist */,
			);
			path = ReposKit;
			sourceTree = "<group>";
		};
/* End PBXGroup section */

/* Begin PBXHeadersBuildPhase section */
		3C7E65F923330B300057C222 /* Headers */ = {
			isa = PBXHeadersBuildPhase;
			buildActionMask = 2147483647;
			files = (
				3C7E660223330B300057C222 /* ReposKit.h in Headers */,
			);
			runOnlyForDeploymentPostprocessing = 0;
		};
/* End PBXHeadersBuildPhase section */

/* Begin PBXNativeTarget section */
		3C79B4D82332FE6F00533A33 /* Repos */ = {
			isa = PBXNativeTarget;
			buildConfigurationList = 3C79B4ED2332FE7000533A33 /* Build configuration list for PBXNativeTarget "Repos" */;
			buildPhases = (
				3C79B4D52332FE6F00533A33 /* Sources */,
				3C79B4D62332FE6F00533A33 /* Frameworks */,
				3C79B4D72332FE6F00533A33 /* Resources */,
				3C7E660723330B300057C222 /* Embed Frameworks */,
			);
			buildRules = (
			);
			dependencies = (
				3C7E660423330B300057C222 /* PBXTargetDependency */,
			);
			name = Repos;
			productName = Repos;
			productReference = 3C79B4D92332FE6F00533A33 /* Repos.app */;
			productType = "com.apple.product-type.application";
		};
		3C7E65FD23330B300057C222 /* ReposKit */ = {
			isa = PBXNativeTarget;
			buildConfigurationList = 3C7E660A23330B300057C222 /* Build configuration list for PBXNativeTarget "ReposKit" */;
			buildPhases = (
				3C7E65F923330B300057C222 /* Headers */,
				3C7E65FA23330B300057C222 /* Sources */,
				3C7E65FB23330B300057C222 /* Frameworks */,
				3C7E65FC23330B300057C222 /* Resources */,
			);
			buildRules = (
			);
			dependencies = (
			);
			name = ReposKit;
			productName = ReposKit;
			productReference = 3C7E65FE23330B300057C222 /* ReposKit.framework */;
			productType = "com.apple.product-type.framework";
		};
/* End PBXNativeTarget section */

/* Begin PBXProject section */
		3C79B4D12332FE6F00533A33 /* Project object */ = {
			isa = PBXProject;
			attributes = {
				LastSwiftUpdateCheck = 1100;
				LastUpgradeCheck = 1100;
				ORGANIZATIONNAME = danwallacenz;
				TargetAttributes = {
					3C79B4D82332FE6F00533A33 = {
						CreatedOnToolsVersion = 11.0;
					};
					3C7E65FD23330B300057C222 = {
						CreatedOnToolsVersion = 11.0;
					};
				};
			};
			buildConfigurationList = 3C79B4D42332FE6F00533A33 /* Build configuration list for PBXProject "Repos" */;
			compatibilityVersion = "Xcode 9.3";
			developmentRegion = en;
			hasScannedForEncodings = 0;
			knownRegions = (
				en,
				Base,
			);
			mainGroup = 3C79B4D02332FE6F00533A33;
			productRefGroup = 3C79B4DA2332FE6F00533A33 /* Products */;
			projectDirPath = "";
			projectRoot = "";
			targets = (
				3C79B4D82332FE6F00533A33 /* Repos */,
				3C7E65FD23330B300057C222 /* ReposKit */,
			);
		};
/* End PBXProject section */

/* Begin PBXResourcesBuildPhase section */
		3C79B4D72332FE6F00533A33 /* Resources */ = {
			isa = PBXResourcesBuildPhase;
			buildActionMask = 2147483647;
			files = (
				3C79B4E92332FE7000533A33 /* LaunchScreen.storyboard in Resources */,
				3C79B4E62332FE7000533A33 /* Assets.xcassets in Resources */,
			);
			runOnlyForDeploymentPostprocessing = 0;
		};
		3C7E65FC23330B300057C222 /* Resources */ = {
			isa = PBXResourcesBuildPhase;
			buildActionMask = 2147483647;
			files = (
			);
			runOnlyForDeploymentPostprocessing = 0;
		};
/* End PBXResourcesBuildPhase section */

/* Begin PBXSourcesBuildPhase section */
		3C79B4D52332FE6F00533A33 /* Sources */ = {
			isa = PBXSourcesBuildPhase;
			buildActionMask = 2147483647;
			files = (
				3C79B4DD2332FE6F00533A33 /* AppDelegate.swift in Sources */,
				3C79B4DF2332FE6F00533A33 /* SceneDelegate.swift in Sources */,
			);
			runOnlyForDeploymentPostprocessing = 0;
		};
		3C7E65FA23330B300057C222 /* Sources */ = {
			isa = PBXSourcesBuildPhase;
			buildActionMask = 2147483647;
			files = (
				3C7E660B23330B550057C222 /* ReposViewController.swift in Sources */,
			);
			runOnlyForDeploymentPostprocessing = 0;
		};
/* End PBXSourcesBuildPhase section */

/* Begin PBXTargetDependency section */
		3C7E660423330B300057C222 /* PBXTargetDependency */ = {
			isa = PBXTargetDependency;
			target = 3C7E65FD23330B300057C222 /* ReposKit */;
			targetProxy = 3C7E660323330B300057C222 /* PBXContainerItemProxy */;
		};
/* End PBXTargetDependency section */

/* Begin PBXVariantGroup section */
		3C79B4E72332FE7000533A33 /* LaunchScreen.storyboard */ = {
			isa = PBXVariantGroup;
			children = (
				3C79B4E82332FE7000533A33 /* Base */,
			);
			name = LaunchScreen.storyboard;
			sourceTree = "<group>";
		};
/* End PBXVariantGroup section */

/* Begin XCBuildConfiguration section */
		3C79B4EB2332FE7000533A33 /* Debug */ = {
			isa = XCBuildConfiguration;
			buildSettings = {
				ALWAYS_SEARCH_USER_PATHS = NO;
				CLANG_ANALYZER_NONNULL = YES;
				CLANG_ANALYZER_NUMBER_OBJECT_CONVERSION = YES_AGGRESSIVE;
				CLANG_CXX_LANGUAGE_STANDARD = "gnu++14";
				CLANG_CXX_LIBRARY = "libc++";
				CLANG_ENABLE_MODULES = YES;
				CLANG_ENABLE_OBJC_ARC = YES;
				CLANG_ENABLE_OBJC_WEAK = YES;
				CLANG_WARN_BLOCK_CAPTURE_AUTORELEASING = YES;
				CLANG_WARN_BOOL_CONVERSION = YES;
				CLANG_WARN_COMMA = YES;
				CLANG_WARN_CONSTANT_CONVERSION = YES;
				CLANG_WARN_DEPRECATED_OBJC_IMPLEMENTATIONS = YES;
				CLANG_WARN_DIRECT_OBJC_ISA_USAGE = YES_ERROR;
				CLANG_WARN_DOCUMENTATION_COMMENTS = YES;
				CLANG_WARN_EMPTY_BODY = YES;
				CLANG_WARN_ENUM_CONVERSION = YES;
				CLANG_WARN_INFINITE_RECURSION = YES;
				CLANG_WARN_INT_CONVERSION = YES;
				CLANG_WARN_NON_LITERAL_NULL_CONVERSION = YES;
				CLANG_WARN_OBJC_IMPLICIT_RETAIN_SELF = YES;
				CLANG_WARN_OBJC_LITERAL_CONVERSION = YES;
				CLANG_WARN_OBJC_ROOT_CLASS = YES_ERROR;
				CLANG_WARN_RANGE_LOOP_ANALYSIS = YES;
				CLANG_WARN_STRICT_PROTOTYPES = YES;
				CLANG_WARN_SUSPICIOUS_MOVE = YES;
				CLANG_WARN_UNGUARDED_AVAILABILITY = YES_AGGRESSIVE;
				CLANG_WARN_UNREACHABLE_CODE = YES;
				CLANG_WARN__DUPLICATE_METHOD_MATCH = YES;
				COPY_PHASE_STRIP = NO;
				DEBUG_INFORMATION_FORMAT = dwarf;
				ENABLE_STRICT_OBJC_MSGSEND = YES;
				ENABLE_TESTABILITY = YES;
				GCC_C_LANGUAGE_STANDARD = gnu11;
				GCC_DYNAMIC_NO_PIC = NO;
				GCC_NO_COMMON_BLOCKS = YES;
				GCC_OPTIMIZATION_LEVEL = 0;
				GCC_PREPROCESSOR_DEFINITIONS = (
					"DEBUG=1",
					"$(inherited)",
				);
				GCC_WARN_64_TO_32_BIT_CONVERSION = YES;
				GCC_WARN_ABOUT_RETURN_TYPE = YES_ERROR;
				GCC_WARN_UNDECLARED_SELECTOR = YES;
				GCC_WARN_UNINITIALIZED_AUTOS = YES_AGGRESSIVE;
				GCC_WARN_UNUSED_FUNCTION = YES;
				GCC_WARN_UNUSED_VARIABLE = YES;
				IPHONEOS_DEPLOYMENT_TARGET = 13.0;
				MTL_ENABLE_DEBUG_INFO = INCLUDE_SOURCE;
				MTL_FAST_MATH = YES;
				ONLY_ACTIVE_ARCH = YES;
				SDKROOT = iphoneos;
				SWIFT_ACTIVE_COMPILATION_CONDITIONS = DEBUG;
				SWIFT_OPTIMIZATION_LEVEL = "-Onone";
			};
			name = Debug;
		};
		3C79B4EC2332FE7000533A33 /* Release */ = {
			isa = XCBuildConfiguration;
			buildSettings = {
				ALWAYS_SEARCH_USER_PATHS = NO;
				CLANG_ANALYZER_NONNULL = YES;
				CLANG_ANALYZER_NUMBER_OBJECT_CONVERSION = YES_AGGRESSIVE;
				CLANG_CXX_LANGUAGE_STANDARD = "gnu++14";
				CLANG_CXX_LIBRARY = "libc++";
				CLANG_ENABLE_MODULES = YES;
				CLANG_ENABLE_OBJC_ARC = YES;
				CLANG_ENABLE_OBJC_WEAK = YES;
				CLANG_WARN_BLOCK_CAPTURE_AUTORELEASING = YES;
				CLANG_WARN_BOOL_CONVERSION = YES;
				CLANG_WARN_COMMA = YES;
				CLANG_WARN_CONSTANT_CONVERSION = YES;
				CLANG_WARN_DEPRECATED_OBJC_IMPLEMENTATIONS = YES;
				CLANG_WARN_DIRECT_OBJC_ISA_USAGE = YES_ERROR;
				CLANG_WARN_DOCUMENTATION_COMMENTS = YES;
				CLANG_WARN_EMPTY_BODY = YES;
				CLANG_WARN_ENUM_CONVERSION = YES;
				CLANG_WARN_INFINITE_RECURSION = YES;
				CLANG_WARN_INT_CONVERSION = YES;
				CLANG_WARN_NON_LITERAL_NULL_CONVERSION = YES;
				CLANG_WARN_OBJC_IMPLICIT_RETAIN_SELF = YES;
				CLANG_WARN_OBJC_LITERAL_CONVERSION = YES;
				CLANG_WARN_OBJC_ROOT_CLASS = YES_ERROR;
				CLANG_WARN_RANGE_LOOP_ANALYSIS = YES;
				CLANG_WARN_STRICT_PROTOTYPES = YES;
				CLANG_WARN_SUSPICIOUS_MOVE = YES;
				CLANG_WARN_UNGUARDED_AVAILABILITY = YES_AGGRESSIVE;
				CLANG_WARN_UNREACHABLE_CODE = YES;
				CLANG_WARN__DUPLICATE_METHOD_MATCH = YES;
				COPY_PHASE_STRIP = NO;
				DEBUG_INFORMATION_FORMAT = "dwarf-with-dsym";
				ENABLE_NS_ASSERTIONS = NO;
				ENABLE_STRICT_OBJC_MSGSEND = YES;
				GCC_C_LANGUAGE_STANDARD = gnu11;
				GCC_NO_COMMON_BLOCKS = YES;
				GCC_WARN_64_TO_32_BIT_CONVERSION = YES;
				GCC_WARN_ABOUT_RETURN_TYPE = YES_ERROR;
				GCC_WARN_UNDECLARED_SELECTOR = YES;
				GCC_WARN_UNINITIALIZED_AUTOS = YES_AGGRESSIVE;
				GCC_WARN_UNUSED_FUNCTION = YES;
				GCC_WARN_UNUSED_VARIABLE = YES;
				IPHONEOS_DEPLOYMENT_TARGET = 13.0;
				MTL_ENABLE_DEBUG_INFO = NO;
				MTL_FAST_MATH = YES;
				SDKROOT = iphoneos;
				SWIFT_COMPILATION_MODE = wholemodule;
				SWIFT_OPTIMIZATION_LEVEL = "-O";
				VALIDATE_PRODUCT = YES;
			};
			name = Release;
		};
		3C79B4EE2332FE7000533A33 /* Debug */ = {
			isa = XCBuildConfiguration;
			buildSettings = {
				ALWAYS_EMBED_SWIFT_STANDARD_LIBRARIES = YES;
				ASSETCATALOG_COMPILER_APPICON_NAME = AppIcon;
				CODE_SIGN_STYLE = Automatic;
				DEVELOPMENT_TEAM = JP5YDXJS2P;
				INFOPLIST_FILE = Repos/Info.plist;
				LD_RUNPATH_SEARCH_PATHS = (
					"$(inherited)",
					"@executable_path/Frameworks",
				);
				PRODUCT_BUNDLE_IDENTIFIER = nz.co.danwallace.Repos;
				PRODUCT_NAME = "$(TARGET_NAME)";
				SWIFT_VERSION = 5.0;
				TARGETED_DEVICE_FAMILY = "1,2";
			};
			name = Debug;
		};
		3C79B4EF2332FE7000533A33 /* Release */ = {
			isa = XCBuildConfiguration;
			buildSettings = {
				ALWAYS_EMBED_SWIFT_STANDARD_LIBRARIES = YES;
				ASSETCATALOG_COMPILER_APPICON_NAME = AppIcon;
				CODE_SIGN_STYLE = Automatic;
				DEVELOPMENT_TEAM = JP5YDXJS2P;
				INFOPLIST_FILE = Repos/Info.plist;
				LD_RUNPATH_SEARCH_PATHS = (
					"$(inherited)",
					"@executable_path/Frameworks",
				);
				PRODUCT_BUNDLE_IDENTIFIER = nz.co.danwallace.Repos;
				PRODUCT_NAME = "$(TARGET_NAME)";
				SWIFT_VERSION = 5.0;
				TARGETED_DEVICE_FAMILY = "1,2";
			};
			name = Release;
		};
		3C7E660823330B300057C222 /* Debug */ = {
			isa = XCBuildConfiguration;
			buildSettings = {
				CODE_SIGN_STYLE = Automatic;
				CURRENT_PROJECT_VERSION = 1;
				DEFINES_MODULE = YES;
				DEVELOPMENT_TEAM = JP5YDXJS2P;
				DYLIB_COMPATIBILITY_VERSION = 1;
				DYLIB_CURRENT_VERSION = 1;
				DYLIB_INSTALL_NAME_BASE = "@rpath";
				INFOPLIST_FILE = ReposKit/Info.plist;
				INSTALL_PATH = "$(LOCAL_LIBRARY_DIR)/Frameworks";
				LD_RUNPATH_SEARCH_PATHS = (
					"$(inherited)",
					"@executable_path/Frameworks",
					"@loader_path/Frameworks",
				);
				PRODUCT_BUNDLE_IDENTIFIER = nz.co.danwallace.ReposKit;
				PRODUCT_NAME = "$(TARGET_NAME:c99extidentifier)";
				SKIP_INSTALL = YES;
				SWIFT_VERSION = 5.0;
				TARGETED_DEVICE_FAMILY = "1,2";
				VERSIONING_SYSTEM = "apple-generic";
				VERSION_INFO_PREFIX = "";
			};
			name = Debug;
		};
		3C7E660923330B300057C222 /* Release */ = {
			isa = XCBuildConfiguration;
			buildSettings = {
				CODE_SIGN_STYLE = Automatic;
				CURRENT_PROJECT_VERSION = 1;
				DEFINES_MODULE = YES;
				DEVELOPMENT_TEAM = JP5YDXJS2P;
				DYLIB_COMPATIBILITY_VERSION = 1;
				DYLIB_CURRENT_VERSION = 1;
				DYLIB_INSTALL_NAME_BASE = "@rpath";
				INFOPLIST_FILE = ReposKit/Info.plist;
				INSTALL_PATH = "$(LOCAL_LIBRARY_DIR)/Frameworks";
				LD_RUNPATH_SEARCH_PATHS = (
					"$(inherited)",
					"@executable_path/Frameworks",
					"@loader_path/Frameworks",
				);
				PRODUCT_BUNDLE_IDENTIFIER = nz.co.danwallace.ReposKit;
				PRODUCT_NAME = "$(TARGET_NAME:c99extidentifier)";
				SKIP_INSTALL = YES;
				SWIFT_VERSION = 5.0;
				TARGETED_DEVICE_FAMILY = "1,2";
				VERSIONING_SYSTEM = "apple-generic";
				VERSION_INFO_PREFIX = "";
			};
			name = Release;
		};
/* End XCBuildConfiguration section */

/* Begin XCConfigurationList section */
		3C79B4D42332FE6F00533A33 /* Build configuration list for PBXProject "Repos" */ = {
			isa = XCConfigurationList;
			buildConfigurations = (
				3C79B4EB2332FE7000533A33 /* Debug */,
				3C79B4EC2332FE7000533A33 /* Release */,
			);
			defaultConfigurationIsVisible = 0;
			defaultConfigurationName = Release;
		};
		3C79B4ED2332FE7000533A33 /* Build configuration list for PBXNativeTarget "Repos" */ = {
			isa = XCConfigurationList;
			buildConfigurations = (
				3C79B4EE2332FE7000533A33 /* Debug */,
				3C79B4EF2332FE7000533A33 /* Release */,
			);
			defaultConfigurationIsVisible = 0;
			defaultConfigurationName = Release;
		};
		3C7E660A23330B300057C222 /* Build configuration list for PBXNativeTarget "ReposKit" */ = {
			isa = XCConfigurationList;
			buildConfigurations = (
				3C7E660823330B300057C222 /* Debug */,
				3C7E660923330B300057C222 /* Release */,
			);
			defaultConfigurationIsVisible = 0;
			defaultConfigurationName = Release;
		};
/* End XCConfigurationList section */
	};
	rootObject = 3C79B4D12332FE6F00533A33 /* Project object */;
}
